
Microsoft Visual Studio Solution File, Format Version 12.00
# Visual Studio 15
VisualStudioVersion = 15.0.28307.1062
MinimumVisualStudioVersion = 10.0.40219.1
Project("{FAE04EC0-301F-11D3-BF4B-00C04F79EFBC}") = "SerconHelpdesk", "Proyecto_PAA\SerconHelpdesk.csproj", "{7F8E37C1-7F0A-4769-9DCF-39BAF0FE5382}"
EndProject
Global
	GlobalSection(SolutionConfigurationPlatforms) = preSolution
		Debug|Any CPU = Debug|Any CPU
		Release|Any CPU = Release|Any CPU
	EndGlobalSection
	GlobalSection(ProjectConfigurationPlatforms) = postSolution
		{7F8E37C1-7F0A-4769-9DCF-39BAF0FE5382}.Debug|Any CPU.ActiveCfg = Debug|Any CPU
		{7F8E37C1-7F0A-4769-9DCF-39BAF0FE5382}.Debug|Any CPU.Build.0 = Debug|Any CPU
		{7F8E37C1-7F0A-4769-9DCF-39BAF0FE5382}.Release|Any CPU.ActiveCfg = Release|Any CPU
		{7F8E37C1-7F0A-4769-9DCF-39BAF0FE5382}.Release|Any CPU.Build.0 = Release|Any CPU
	EndGlobalSection
	GlobalSection(SolutionProperties) = preSolution
		HideSolutionNode = FALSE
	EndGlobalSection
	GlobalSection(ExtensibilityGlobals) = postSolution
		SolutionGuid = {BA424AA3-7C1B-4B7C-B48E-C7E760BB3093}
	EndGlobalSection
EndGlobal
